{
  "originHash" : "ee0dea41b68075af3a566124ac99ad642b35f1a87eb3e48a7eddb7bcc750f0b5",
  "pins" : [
    {
      "identity" : "wwbluetoothmanager",
      "kind" : "remoteSourceControl",
      "location" : "https://github.com/William-Weng/WWBluetoothManager",
      "state" : {
        "revision" : "91eac1206e05d1b2cef8a507592c3c9665e3695e",
        "version" : "1.2.0"
      }
    },
    {
      "identity" : "wwbytereader",
      "kind" : "remoteSourceControl",
      "location" : "https://github.com/William-Weng/WWByteReader",
      "state" : {
        "revision" : "bcf4901c88298ae5ff44ad4c0f30336450643234",
        "version" : "1.2.0"
      }
    },
    {
      "identity" : "wwprint",
      "kind" : "remoteSourceControl",
      "location" : "https://github.com/William-Weng/WWPrint",
      "state" : {
        "revision" : "0537185ed59873995a04742a96bfabe9159fcd7b",
        "version" : "1.3.2"
      }
    }
  ],
  "version" : 3
}
