{
  "originHash" : "9a05181881eae0ce36955e5b4ef354232a0705defec34a1cdd8655ed72909062",
  "pins" : [
    {
      "identity" : "wwbluetoothmanager",
      "kind" : "remoteSourceControl",
      "location" : "https://github.com/William-Weng/WWBluetoothManager",
      "state" : {
        "revision" : "893d45eedc18c67e0ee10051fb2cdc818f75a7da",
        "version" : "1.2.2"
      }
    },
    {
      "identity" : "wwbytereader",
      "kind" : "remoteSourceControl",
      "location" : "https://github.com/William-Weng/WWByteReader",
      "state" : {
        "revision" : "94d1f1eb0081e26b2083a6468a059a05a9f2c0c7",
        "version" : "1.2.3"
      }
    }
  ],
  "version" : 3
}
