{
  "originHash" : "ee4bba48c3d6d07ceb51eae142a54af38190fd3f34154bf0057ff0befbee2f89",
  "pins" : [
    {
      "identity" : "wwbluetoothmanager",
      "kind" : "remoteSourceControl",
      "location" : "https://github.com/William-Weng/WWBluetoothManager",
      "state" : {
        "revision" : "ee5cb9eb5f71421801c1e2969a2d5c13d56627ed",
        "version" : "0.8.4"
      }
    },
    {
      "identity" : "wwhud",
      "kind" : "remoteSourceControl",
      "location" : "https://github.com/William-Weng/WWHUD",
      "state" : {
        "revision" : "d1bb08c55e676e969c804a659867ba267739544f",
        "version" : "1.4.2"
      }
    },
    {
      "identity" : "wworderedset",
      "kind" : "remoteSourceControl",
      "location" : "https://github.com/William-Weng/WWOrderedSet",
      "state" : {
        "revision" : "8feff3c6fa4891faa462f4c573570e307a5f4b2d",
        "version" : "1.0.0"
      }
    },
    {
      "identity" : "wwprint",
      "kind" : "remoteSourceControl",
      "location" : "https://github.com/William-Weng/WWPrint",
      "state" : {
        "revision" : "8f5928f5d36624d77f8fc563fd8e31a59cfac6b6",
        "version" : "1.3.1"
      }
    }
  ],
  "version" : 3
}
